
Microsoft Visual Studio Solution File, Format Version 12.00
# Visual Studio Version 16
VisualStudioVersion = 16.0.34301.259
MinimumVisualStudioVersion = 10.0.40219.1
Project("{FAE04EC0-301F-11D3-BF4B-00C04F79EFBC}") = "GST_TaxPayerSearch_API", "GST_TaxPayerSearch_API\GST_TaxPayerSearch_API.csproj", "{43BA08F4-5FAC-4220-A495-EBB955099236}"
EndProject
Global
	GlobalSection(SolutionConfigurationPlatforms) = preSolution
		Debug|Any CPU = Debug|Any CPU
		Release|Any CPU = Release|Any CPU
	EndGlobalSection
	GlobalSection(ProjectConfigurationPlatforms) = postSolution
		{43BA08F4-5FAC-4220-A495-EBB955099236}.Debug|Any CPU.ActiveCfg = Debug|Any CPU
		{43BA08F4-5FAC-4220-A495-EBB955099236}.Debug|Any CPU.Build.0 = Debug|Any CPU
		{43BA08F4-5FAC-4220-A495-EBB955099236}.Release|Any CPU.ActiveCfg = Release|Any CPU
		{43BA08F4-5FAC-4220-A495-EBB955099236}.Release|Any CPU.Build.0 = Release|Any CPU
	EndGlobalSection
	GlobalSection(SolutionProperties) = preSolution
		HideSolutionNode = FALSE
	EndGlobalSection
	GlobalSection(ExtensibilityGlobals) = postSolution
		SolutionGuid = {DE789E76-63C2-4F7F-ACC3-A1022B70C4F9}
	EndGlobalSection
EndGlobal
